
Microsoft Visual Studio Solution File, Format Version 12.00
# Visual Studio Version 17
VisualStudioVersion = 17.3.32929.385
MinimumVisualStudioVersion = 10.0.40219.1
Project("{FAE04EC0-301F-11D3-BF4B-00C04F79EFBC}") = "db", "db\db.csproj", "{450549A0-28B6-4E41-BB96-FA5DE9A0BF61}"
EndProject
Global
	GlobalSection(SolutionConfigurationPlatforms) = preSolution
		Debug|Any CPU = Debug|Any CPU
		Release|Any CPU = Release|Any CPU
	EndGlobalSection
	GlobalSection(ProjectConfigurationPlatforms) = postSolution
		{450549A0-28B6-4E41-BB96-FA5DE9A0BF61}.Debug|Any CPU.ActiveCfg = Debug|Any CPU
		{450549A0-28B6-4E41-BB96-FA5DE9A0BF61}.Debug|Any CPU.Build.0 = Debug|Any CPU
		{450549A0-28B6-4E41-BB96-FA5DE9A0BF61}.Release|Any CPU.ActiveCfg = Release|Any CPU
		{450549A0-28B6-4E41-BB96-FA5DE9A0BF61}.Release|Any CPU.Build.0 = Release|Any CPU
	EndGlobalSection
	GlobalSection(SolutionProperties) = preSolution
		HideSolutionNode = FALSE
	EndGlobalSection
	GlobalSection(ExtensibilityGlobals) = postSolution
		SolutionGuid = {07A8BFFA-8CD6-46EB-BDC3-8A5D50926911}
	EndGlobalSection
EndGlobal
